
Microsoft Visual Studio Solution File, Format Version 12.00
# Visual Studio Version 17
VisualStudioVersion = 17.8.34330.188
MinimumVisualStudioVersion = 10.0.40219.1
Project("{9A19103F-16F7-4668-BE54-9A1E7A4F7556}") = "BestBreed.UI", "BestBreed.UI\BestBreed.UI.csproj", "{9C19966F-DAA6-42AD-B935-A74A86160331}"
EndProject
Project("{9A19103F-16F7-4668-BE54-9A1E7A4F7556}") = "BestBreed.DataLayer", "BestBreed.DataLayer\BestBreed.DataLayer.csproj", "{2F5BEA49-B668-4669-B337-3B544E2E42ED}"
EndProject
Project("{FAE04EC0-301F-11D3-BF4B-00C04F79EFBC}") = "BestBreed.Contracts", "BestBreed.Contracts\BestBreed.Contracts.csproj", "{E57210B0-4043-416A-A8FB-EBA5A35656BF}"
EndProject
Global
	GlobalSection(SolutionConfigurationPlatforms) = preSolution
		Debug|Any CPU = Debug|Any CPU
		Release|Any CPU = Release|Any CPU
	EndGlobalSection
	GlobalSection(ProjectConfigurationPlatforms) = postSolution
		{9C19966F-DAA6-42AD-B935-A74A86160331}.Debug|Any CPU.ActiveCfg = Debug|Any CPU
		{9C19966F-DAA6-42AD-B935-A74A86160331}.Debug|Any CPU.Build.0 = Debug|Any CPU
		{9C19966F-DAA6-42AD-B935-A74A86160331}.Release|Any CPU.ActiveCfg = Release|Any CPU
		{9C19966F-DAA6-42AD-B935-A74A86160331}.Release|Any CPU.Build.0 = Release|Any CPU
		{2F5BEA49-B668-4669-B337-3B544E2E42ED}.Debug|Any CPU.ActiveCfg = Debug|Any CPU
		{2F5BEA49-B668-4669-B337-3B544E2E42ED}.Debug|Any CPU.Build.0 = Debug|Any CPU
		{2F5BEA49-B668-4669-B337-3B544E2E42ED}.Release|Any CPU.ActiveCfg = Release|Any CPU
		{2F5BEA49-B668-4669-B337-3B544E2E42ED}.Release|Any CPU.Build.0 = Release|Any CPU
		{E57210B0-4043-416A-A8FB-EBA5A35656BF}.Debug|Any CPU.ActiveCfg = Debug|Any CPU
		{E57210B0-4043-416A-A8FB-EBA5A35656BF}.Debug|Any CPU.Build.0 = Debug|Any CPU
		{E57210B0-4043-416A-A8FB-EBA5A35656BF}.Release|Any CPU.ActiveCfg = Release|Any CPU
		{E57210B0-4043-416A-A8FB-EBA5A35656BF}.Release|Any CPU.Build.0 = Release|Any CPU
	EndGlobalSection
	GlobalSection(SolutionProperties) = preSolution
		HideSolutionNode = FALSE
	EndGlobalSection
	GlobalSection(ExtensibilityGlobals) = postSolution
		SolutionGuid = {6746E182-CE5A-419F-8573-DB550FC1AFF9}
	EndGlobalSection
EndGlobal
